
Microsoft Visual Studio Solution File, Format Version 12.00
# Visual Studio 15
VisualStudioVersion = 15.0.27703.2000
MinimumVisualStudioVersion = 10.0.40219.1
Project("{FAE04EC0-301F-11D3-BF4B-00C04F79EFBC}") = "Web_APIC2C", "Web_APIC2C\Web_APIC2C.csproj", "{397EB40E-C946-4AA9-8AF1-6FAD07200CE5}"
EndProject
Project("{FAE04EC0-301F-11D3-BF4B-00C04F79EFBC}") = "Web_APIC2CDataAccess", "Web_APIC2CDataAccess\Web_APIC2CDataAccess.csproj", "{8651EDF0-D472-4297-A189-DBDF79A8A794}"
EndProject
Global
	GlobalSection(SolutionConfigurationPlatforms) = preSolution
		Debug|Any CPU = Debug|Any CPU
		Release|Any CPU = Release|Any CPU
	EndGlobalSection
	GlobalSection(ProjectConfigurationPlatforms) = postSolution
		{397EB40E-C946-4AA9-8AF1-6FAD07200CE5}.Debug|Any CPU.ActiveCfg = Debug|Any CPU
		{397EB40E-C946-4AA9-8AF1-6FAD07200CE5}.Debug|Any CPU.Build.0 = Debug|Any CPU
		{397EB40E-C946-4AA9-8AF1-6FAD07200CE5}.Release|Any CPU.ActiveCfg = Release|Any CPU
		{397EB40E-C946-4AA9-8AF1-6FAD07200CE5}.Release|Any CPU.Build.0 = Release|Any CPU
		{8651EDF0-D472-4297-A189-DBDF79A8A794}.Debug|Any CPU.ActiveCfg = Debug|Any CPU
		{8651EDF0-D472-4297-A189-DBDF79A8A794}.Debug|Any CPU.Build.0 = Debug|Any CPU
		{8651EDF0-D472-4297-A189-DBDF79A8A794}.Release|Any CPU.ActiveCfg = Release|Any CPU
		{8651EDF0-D472-4297-A189-DBDF79A8A794}.Release|Any CPU.Build.0 = Release|Any CPU
	EndGlobalSection
	GlobalSection(SolutionProperties) = preSolution
		HideSolutionNode = FALSE
	EndGlobalSection
	GlobalSection(ExtensibilityGlobals) = postSolution
		SolutionGuid = {90D4DD52-7589-48D9-8EB6-FDF4916E9A41}
	EndGlobalSection
EndGlobal
